{
  "name": "@ts-group-by/demo",
  "lockfileVersion": 2,
  "requires": true,
  "packages": {
    "": {
      "name": "@ts-group-by/demo",
      "license": "ISC",
      "dependencies": {
        "ts-group-by": "latest"
      }
    },
    "node_modules/ts-group-by": {
      "version": "1.0.5",
      "resolved": "https://registry.npmjs.org/ts-group-by/-/ts-group-by-1.0.5.tgz",
      "integrity": "sha512-2wMY38rufgMVnYTnDcV9p8f/ganiIE1ICz4DOmRPA88N8SGumUbFgMic9JgccfWT3enAXo1F29dneXhmVj75TQ=="
    }
  },
  "dependencies": {
    "ts-group-by": {
      "version": "1.0.5",
      "resolved": "https://registry.npmjs.org/ts-group-by/-/ts-group-by-1.0.5.tgz",
      "integrity": "sha512-2wMY38rufgMVnYTnDcV9p8f/ganiIE1ICz4DOmRPA88N8SGumUbFgMic9JgccfWT3enAXo1F29dneXhmVj75TQ=="
    }
  }
}
